
Microsoft Visual Studio Solution File, Format Version 12.00
# Visual Studio Version 16
VisualStudioVersion = 16.0.32510.428
MinimumVisualStudioVersion = 10.0.40219.1
Project("{9A19103F-16F7-4668-BE54-9A1E7A4F7556}") = "FunctionApp4AzureNet5", "FunctionApp4AzureNet5\FunctionApp4AzureNet5.csproj", "{234FDCA0-56AF-42A1-9AF3-3D4CC6A34F14}"
EndProject
Project("{FAE04EC0-301F-11D3-BF4B-00C04F79EFBC}") = "FunctionApp4AzureNet5Tests", "FunctionApp4AzureNet5Tests\FunctionApp4AzureNet5Tests.csproj", "{22F848CC-C54E-414E-B126-C97DA6175EB5}"
EndProject
Global
	GlobalSection(SolutionConfigurationPlatforms) = preSolution
		Debug|Any CPU = Debug|Any CPU
		Release|Any CPU = Release|Any CPU
	EndGlobalSection
	GlobalSection(ProjectConfigurationPlatforms) = postSolution
		{234FDCA0-56AF-42A1-9AF3-3D4CC6A34F14}.Debug|Any CPU.ActiveCfg = Debug|Any CPU
		{234FDCA0-56AF-42A1-9AF3-3D4CC6A34F14}.Debug|Any CPU.Build.0 = Debug|Any CPU
		{234FDCA0-56AF-42A1-9AF3-3D4CC6A34F14}.Release|Any CPU.ActiveCfg = Release|Any CPU
		{234FDCA0-56AF-42A1-9AF3-3D4CC6A34F14}.Release|Any CPU.Build.0 = Release|Any CPU
		{22F848CC-C54E-414E-B126-C97DA6175EB5}.Debug|Any CPU.ActiveCfg = Debug|Any CPU
		{22F848CC-C54E-414E-B126-C97DA6175EB5}.Debug|Any CPU.Build.0 = Debug|Any CPU
		{22F848CC-C54E-414E-B126-C97DA6175EB5}.Release|Any CPU.ActiveCfg = Release|Any CPU
		{22F848CC-C54E-414E-B126-C97DA6175EB5}.Release|Any CPU.Build.0 = Release|Any CPU
	EndGlobalSection
	GlobalSection(SolutionProperties) = preSolution
		HideSolutionNode = FALSE
	EndGlobalSection
	GlobalSection(ExtensibilityGlobals) = postSolution
		SolutionGuid = {34B48C43-D0E3-41FE-89F4-2E610ADF24D4}
	EndGlobalSection
EndGlobal
